// !$*UTF8*$!
{
	archiveVersion = 1;
	classes = {
	};
	objectVersion = 46;
	objects = {

/* Begin PBXBuildFile section */
		B53AE3D017D16E2F000CBCC0 /* NSUUID+BMOEDN.h in Headers */ = {isa = PBXBuildFile; fileRef = B53AE3CE17D16E2F000CBCC0 /* NSUUID+BMOEDN.h */; };
		B53AE3D117D16E2F000CBCC0 /* NSUUID+BMOEDN.m in Sources */ = {isa = PBXBuildFile; fileRef = B53AE3CF17D16E2F000CBCC0 /* NSUUID+BMOEDN.m */; };
		B53AE3D417D1728E000CBCC0 /* BMOEDNRegistry.h in Headers */ = {isa = PBXBuildFile; fileRef = B53AE3D317D1728E000CBCC0 /* BMOEDNRegistry.h */; settings = {ATTRIBUTES = (Public, ); }; };
		B53AE3D817D17E3B000CBCC0 /* BMOEDNRegistry.m in Sources */ = {isa = PBXBuildFile; fileRef = B53AE3D517D17648000CBCC0 /* BMOEDNRegistry.m */; };
		B53AE3DC17D18024000CBCC0 /* NSDate+BMOEDN.h in Headers */ = {isa = PBXBuildFile; fileRef = B53AE3DA17D18024000CBCC0 /* NSDate+BMOEDN.h */; };
		B53AE3DD17D18024000CBCC0 /* NSDate+BMOEDN.m in Sources */ = {isa = PBXBuildFile; fileRef = B53AE3DB17D18024000CBCC0 /* NSDate+BMOEDN.m */; };
		B5B837D717D038B900AEA457 /* BMOEDNRepresentation.h in Headers */ = {isa = PBXBuildFile; fileRef = B5B837D617D038B900AEA457 /* BMOEDNRepresentation.h */; };
		B5B837DA17D03B2900AEA457 /* BMOEDNTaggedElement.h in Headers */ = {isa = PBXBuildFile; fileRef = B5B837D817D03B2900AEA457 /* BMOEDNTaggedElement.h */; };
		B5B837DB17D03B2900AEA457 /* BMOEDNTaggedElement.m in Sources */ = {isa = PBXBuildFile; fileRef = B5B837D917D03B2900AEA457 /* BMOEDNTaggedElement.m */; };
		B5C7A62A17C8F282005E0615 /* Foundation.framework in Frameworks */ = {isa = PBXBuildFile; fileRef = B5C7A62917C8F282005E0615 /* Foundation.framework */; };
		B5C7A63117C8F282005E0615 /* BMOEDNSerialization.m in Sources */ = {isa = PBXBuildFile; fileRef = B5C7A63017C8F282005E0615 /* BMOEDNSerialization.m */; };
		B5C7A63917C8F282005E0615 /* SenTestingKit.framework in Frameworks */ = {isa = PBXBuildFile; fileRef = B5C7A63817C8F282005E0615 /* SenTestingKit.framework */; };
		B5C7A63B17C8F282005E0615 /* UIKit.framework in Frameworks */ = {isa = PBXBuildFile; fileRef = B5C7A63A17C8F282005E0615 /* UIKit.framework */; };
		B5C7A63C17C8F282005E0615 /* Foundation.framework in Frameworks */ = {isa = PBXBuildFile; fileRef = B5C7A62917C8F282005E0615 /* Foundation.framework */; };
		B5C7A63F17C8F282005E0615 /* libedn-objc.a in Frameworks */ = {isa = PBXBuildFile; fileRef = B5C7A62617C8F282005E0615 /* libedn-objc.a */; };
		B5C7A64517C8F282005E0615 /* InfoPlist.strings in Resources */ = {isa = PBXBuildFile; fileRef = B5C7A64317C8F282005E0615 /* InfoPlist.strings */; };
		B5C7A64817C8F282005E0615 /* edn_objcTests.m in Sources */ = {isa = PBXBuildFile; fileRef = B5C7A64717C8F282005E0615 /* edn_objcTests.m */; };
		B5C7A65317C9B35D005E0615 /* BMOEDNKeyword.m in Sources */ = {isa = PBXBuildFile; fileRef = B5C7A65217C9B35D005E0615 /* BMOEDNKeyword.m */; };
		B5C7A65917C9C1F4005E0615 /* BMOEDNList.m in Sources */ = {isa = PBXBuildFile; fileRef = B5C7A65817C9C1F4005E0615 /* BMOEDNList.m */; };
		B5C7A65C17CAB740005E0615 /* BMOEDNSymbol.m in Sources */ = {isa = PBXBuildFile; fileRef = B5C7A65B17CAB73F005E0615 /* BMOEDNSymbol.m */; };
		B5C7A65F17CC590A005E0615 /* NSString+BMOEDN.m in Sources */ = {isa = PBXBuildFile; fileRef = B5C7A65E17CC590A005E0615 /* NSString+BMOEDN.m */; };
		B5C7A66117CC5A31005E0615 /* edn-objc.h in CopyFiles */ = {isa = PBXBuildFile; fileRef = B5C7A66017CC599B005E0615 /* edn-objc.h */; };
		B5C7A66517CDBE74005E0615 /* BMOEDNReader.m in Sources */ = {isa = PBXBuildFile; fileRef = B5C7A66417CDBE73005E0615 /* BMOEDNReader.m */; };
		B5C7A66A17CDC20A005E0615 /* BMOEDNDefines.pch in Headers */ = {isa = PBXBuildFile; fileRef = B5C7A66617CDBF30005E0615 /* BMOEDNDefines.pch */; settings = {ATTRIBUTES = (Public, ); }; };
		B5C7A66B17CDC21A005E0615 /* BMOEDNSymbol.h in Headers */ = {isa = PBXBuildFile; fileRef = B5C7A65A17CAB73F005E0615 /* BMOEDNSymbol.h */; settings = {ATTRIBUTES = (Public, ); }; };
		B5C7A66C17CDC21A005E0615 /* BMOEDNKeyword.h in Headers */ = {isa = PBXBuildFile; fileRef = B5C7A65117C9B35D005E0615 /* BMOEDNKeyword.h */; settings = {ATTRIBUTES = (Public, ); }; };
		B5C7A66D17CDC21A005E0615 /* BMOEDNSerialization.h in Headers */ = {isa = PBXBuildFile; fileRef = B5C7A62E17C8F282005E0615 /* BMOEDNSerialization.h */; settings = {ATTRIBUTES = (Public, ); }; };
		B5C7A66E17CDC21A005E0615 /* BMOEDNList.h in Headers */ = {isa = PBXBuildFile; fileRef = B5C7A65717C9C1F4005E0615 /* BMOEDNList.h */; settings = {ATTRIBUTES = (Public, ); }; };
		B5C7A66F17CDC21A005E0615 /* NSString+BMOEDN.h in Headers */ = {isa = PBXBuildFile; fileRef = B5C7A65D17CC590A005E0615 /* NSString+BMOEDN.h */; settings = {ATTRIBUTES = (Public, ); }; };
		B5C7A67317CEF1AE005E0615 /* BMOEDNWriter.h in Headers */ = {isa = PBXBuildFile; fileRef = B5C7A67117CEF1AE005E0615 /* BMOEDNWriter.h */; };
		B5C7A67417CEF1AE005E0615 /* BMOEDNWriter.m in Sources */ = {isa = PBXBuildFile; fileRef = B5C7A67217CEF1AE005E0615 /* BMOEDNWriter.m */; };
		B5C7A67817CEFB26005E0615 /* NSObject+BMOEDN.h in Headers */ = {isa = PBXBuildFile; fileRef = B5C7A67617CEFB26005E0615 /* NSObject+BMOEDN.h */; };
		B5C7A67917CEFB26005E0615 /* NSObject+BMOEDN.m in Sources */ = {isa = PBXBuildFile; fileRef = B5C7A67717CEFB26005E0615 /* NSObject+BMOEDN.m */; };
/* End PBXBuildFile section */

/* Begin PBXContainerItemProxy section */
		B5C7A63D17C8F282005E0615 /* PBXContainerItemProxy */ = {
			isa = PBXContainerItemProxy;
			containerPortal = B5C7A61E17C8F282005E0615 /* Project object */;
			proxyType = 1;
			remoteGlobalIDString = B5C7A62517C8F282005E0615;
			remoteInfo = "edn-objc";
		};
/* End PBXContainerItemProxy section */

/* Begin PBXCopyFilesBuildPhase section */
		B5C7A62417C8F282005E0615 /* CopyFiles */ = {
			isa = PBXCopyFilesBuildPhase;
			buildActionMask = 2147483647;
			dstPath = "include/${PRODUCT_NAME}";
			dstSubfolderSpec = 16;
			files = (
				B5C7A66117CC5A31005E0615 /* edn-objc.h in CopyFiles */,
			);
			runOnlyForDeploymentPostprocessing = 0;
		};
/* End PBXCopyFilesBuildPhase section */

/* Begin PBXFileReference section */
		B53AE3CE17D16E2F000CBCC0 /* NSUUID+BMOEDN.h */ = {isa = PBXFileReference; fileEncoding = 4; lastKnownFileType = sourcecode.c.h; path = "NSUUID+BMOEDN.h"; sourceTree = "<group>"; };
		B53AE3CF17D16E2F000CBCC0 /* NSUUID+BMOEDN.m */ = {isa = PBXFileReference; fileEncoding = 4; lastKnownFileType = sourcecode.c.objc; path = "NSUUID+BMOEDN.m"; sourceTree = "<group>"; };
		B53AE3D317D1728E000CBCC0 /* BMOEDNRegistry.h */ = {isa = PBXFileReference; fileEncoding = 4; lastKnownFileType = sourcecode.c.h; path = BMOEDNRegistry.h; sourceTree = "<group>"; };
		B53AE3D517D17648000CBCC0 /* BMOEDNRegistry.m */ = {isa = PBXFileReference; fileEncoding = 4; lastKnownFileType = sourcecode.c.objc; path = BMOEDNRegistry.m; sourceTree = "<group>"; };
		B53AE3DA17D18024000CBCC0 /* NSDate+BMOEDN.h */ = {isa = PBXFileReference; fileEncoding = 4; lastKnownFileType = sourcecode.c.h; path = "NSDate+BMOEDN.h"; sourceTree = "<group>"; };
		B53AE3DB17D18024000CBCC0 /* NSDate+BMOEDN.m */ = {isa = PBXFileReference; fileEncoding = 4; lastKnownFileType = sourcecode.c.objc; path = "NSDate+BMOEDN.m"; sourceTree = "<group>"; };
		B5B837D617D038B900AEA457 /* BMOEDNRepresentation.h */ = {isa = PBXFileReference; fileEncoding = 4; lastKnownFileType = sourcecode.c.h; path = BMOEDNRepresentation.h; sourceTree = "<group>"; };
		B5B837D817D03B2900AEA457 /* BMOEDNTaggedElement.h */ = {isa = PBXFileReference; fileEncoding = 4; lastKnownFileType = sourcecode.c.h; path = BMOEDNTaggedElement.h; sourceTree = "<group>"; };
		B5B837D917D03B2900AEA457 /* BMOEDNTaggedElement.m */ = {isa = PBXFileReference; fileEncoding = 4; lastKnownFileType = sourcecode.c.objc; path = BMOEDNTaggedElement.m; sourceTree = "<group>"; };
		B5C7A62617C8F282005E0615 /* libedn-objc.a */ = {isa = PBXFileReference; explicitFileType = archive.ar; includeInIndex = 0; path = "libedn-objc.a"; sourceTree = BUILT_PRODUCTS_DIR; };
		B5C7A62917C8F282005E0615 /* Foundation.framework */ = {isa = PBXFileReference; lastKnownFileType = wrapper.framework; name = Foundation.framework; path = System/Library/Frameworks/Foundation.framework; sourceTree = SDKROOT; };
		B5C7A62D17C8F282005E0615 /* edn-objc-Prefix.pch */ = {isa = PBXFileReference; lastKnownFileType = sourcecode.c.h; path = "edn-objc-Prefix.pch"; sourceTree = "<group>"; };
		B5C7A62E17C8F282005E0615 /* BMOEDNSerialization.h */ = {isa = PBXFileReference; lastKnownFileType = sourcecode.c.h; path = BMOEDNSerialization.h; sourceTree = "<group>"; };
		B5C7A63017C8F282005E0615 /* BMOEDNSerialization.m */ = {isa = PBXFileReference; lastKnownFileType = sourcecode.c.objc; path = BMOEDNSerialization.m; sourceTree = "<group>"; };
		B5C7A63717C8F282005E0615 /* edn-objcTests.octest */ = {isa = PBXFileReference; explicitFileType = wrapper.cfbundle; includeInIndex = 0; path = "edn-objcTests.octest"; sourceTree = BUILT_PRODUCTS_DIR; };
		B5C7A63817C8F282005E0615 /* SenTestingKit.framework */ = {isa = PBXFileReference; lastKnownFileType = wrapper.framework; name = SenTestingKit.framework; path = Library/Frameworks/SenTestingKit.framework; sourceTree = DEVELOPER_DIR; };
		B5C7A63A17C8F282005E0615 /* UIKit.framework */ = {isa = PBXFileReference; lastKnownFileType = wrapper.framework; name = UIKit.framework; path = Library/Frameworks/UIKit.framework; sourceTree = DEVELOPER_DIR; };
		B5C7A64217C8F282005E0615 /* edn-objcTests-Info.plist */ = {isa = PBXFileReference; lastKnownFileType = text.plist.xml; path = "edn-objcTests-Info.plist"; sourceTree = "<group>"; };
		B5C7A64417C8F282005E0615 /* en */ = {isa = PBXFileReference; lastKnownFileType = text.plist.strings; name = en; path = en.lproj/InfoPlist.strings; sourceTree = "<group>"; };
		B5C7A64617C8F282005E0615 /* edn_objcTests.h */ = {isa = PBXFileReference; lastKnownFileType = sourcecode.c.h; path = edn_objcTests.h; sourceTree = "<group>"; };
		B5C7A64717C8F282005E0615 /* edn_objcTests.m */ = {isa = PBXFileReference; lastKnownFileType = sourcecode.c.objc; path = edn_objcTests.m; sourceTree = "<group>"; };
		B5C7A65117C9B35D005E0615 /* BMOEDNKeyword.h */ = {isa = PBXFileReference; fileEncoding = 4; lastKnownFileType = sourcecode.c.h; path = BMOEDNKeyword.h; sourceTree = "<group>"; };
		B5C7A65217C9B35D005E0615 /* BMOEDNKeyword.m */ = {isa = PBXFileReference; fileEncoding = 4; lastKnownFileType = sourcecode.c.objc; path = BMOEDNKeyword.m; sourceTree = "<group>"; };
		B5C7A65717C9C1F4005E0615 /* BMOEDNList.h */ = {isa = PBXFileReference; fileEncoding = 4; lastKnownFileType = sourcecode.c.h; path = BMOEDNList.h; sourceTree = "<group>"; };
		B5C7A65817C9C1F4005E0615 /* BMOEDNList.m */ = {isa = PBXFileReference; fileEncoding = 4; lastKnownFileType = sourcecode.c.objc; path = BMOEDNList.m; sourceTree = "<group>"; };
		B5C7A65A17CAB73F005E0615 /* BMOEDNSymbol.h */ = {isa = PBXFileReference; fileEncoding = 4; lastKnownFileType = sourcecode.c.h; path = BMOEDNSymbol.h; sourceTree = "<group>"; };
		B5C7A65B17CAB73F005E0615 /* BMOEDNSymbol.m */ = {isa = PBXFileReference; fileEncoding = 4; lastKnownFileType = sourcecode.c.objc; path = BMOEDNSymbol.m; sourceTree = "<group>"; };
		B5C7A65D17CC590A005E0615 /* NSString+BMOEDN.h */ = {isa = PBXFileReference; fileEncoding = 4; lastKnownFileType = sourcecode.c.h; path = "NSString+BMOEDN.h"; sourceTree = "<group>"; };
		B5C7A65E17CC590A005E0615 /* NSString+BMOEDN.m */ = {isa = PBXFileReference; fileEncoding = 4; lastKnownFileType = sourcecode.c.objc; path = "NSString+BMOEDN.m"; sourceTree = "<group>"; };
		B5C7A66017CC599B005E0615 /* edn-objc.h */ = {isa = PBXFileReference; fileEncoding = 4; lastKnownFileType = sourcecode.c.h; path = "edn-objc.h"; sourceTree = "<group>"; };
		B5C7A66317CDBE73005E0615 /* BMOEDNReader.h */ = {isa = PBXFileReference; fileEncoding = 4; lastKnownFileType = sourcecode.c.h; path = BMOEDNReader.h; sourceTree = "<group>"; };
		B5C7A66417CDBE73005E0615 /* BMOEDNReader.m */ = {isa = PBXFileReference; fileEncoding = 4; lastKnownFileType = sourcecode.c.objc; path = BMOEDNReader.m; sourceTree = "<group>"; };
		B5C7A66617CDBF30005E0615 /* BMOEDNDefines.pch */ = {isa = PBXFileReference; lastKnownFileType = sourcecode.c.h; path = BMOEDNDefines.pch; sourceTree = "<group>"; };
		B5C7A67117CEF1AE005E0615 /* BMOEDNWriter.h */ = {isa = PBXFileReference; fileEncoding = 4; lastKnownFileType = sourcecode.c.h; path = BMOEDNWriter.h; sourceTree = "<group>"; };
		B5C7A67217CEF1AE005E0615 /* BMOEDNWriter.m */ = {isa = PBXFileReference; fileEncoding = 4; lastKnownFileType = sourcecode.c.objc; path = BMOEDNWriter.m; sourceTree = "<group>"; };
		B5C7A67617CEFB26005E0615 /* NSObject+BMOEDN.h */ = {isa = PBXFileReference; fileEncoding = 4; lastKnownFileType = sourcecode.c.h; path = "NSObject+BMOEDN.h"; sourceTree = "<group>"; };
		B5C7A67717CEFB26005E0615 /* NSObject+BMOEDN.m */ = {isa = PBXFileReference; fileEncoding = 4; lastKnownFileType = sourcecode.c.objc; path = "NSObject+BMOEDN.m"; sourceTree = "<group>"; };
/* End PBXFileReference section */

/* Begin PBXFrameworksBuildPhase section */
		B5C7A62317C8F282005E0615 /* Frameworks */ = {
			isa = PBXFrameworksBuildPhase;
			buildActionMask = 2147483647;
			files = (
				B5C7A62A17C8F282005E0615 /* Foundation.framework in Frameworks */,
			);
			runOnlyForDeploymentPostprocessing = 0;
		};
		B5C7A63317C8F282005E0615 /* Frameworks */ = {
			isa = PBXFrameworksBuildPhase;
			buildActionMask = 2147483647;
			files = (
				B5C7A63917C8F282005E0615 /* SenTestingKit.framework in Frameworks */,
				B5C7A63B17C8F282005E0615 /* UIKit.framework in Frameworks */,
				B5C7A63C17C8F282005E0615 /* Foundation.framework in Frameworks */,
				B5C7A63F17C8F282005E0615 /* libedn-objc.a in Frameworks */,
			);
			runOnlyForDeploymentPostprocessing = 0;
		};
/* End PBXFrameworksBuildPhase section */

/* Begin PBXGroup section */
		B53AE3D217D17268000CBCC0 /* The Danger Zone */ = {
			isa = PBXGroup;
			children = (
				B53AE3D317D1728E000CBCC0 /* BMOEDNRegistry.h */,
				B53AE3D517D17648000CBCC0 /* BMOEDNRegistry.m */,
			);
			name = "The Danger Zone";
			sourceTree = "<group>";
		};
		B53AE3D917D17FA5000CBCC0 /* Representation Implementations */ = {
			isa = PBXGroup;
			children = (
				B53AE3CE17D16E2F000CBCC0 /* NSUUID+BMOEDN.h */,
				B53AE3CF17D16E2F000CBCC0 /* NSUUID+BMOEDN.m */,
				B53AE3DA17D18024000CBCC0 /* NSDate+BMOEDN.h */,
				B53AE3DB17D18024000CBCC0 /* NSDate+BMOEDN.m */,
			);
			name = "Representation Implementations";
			sourceTree = "<group>";
		};
		B597CD7017D1AB3F00FFF8F4 /* Primitives */ = {
			isa = PBXGroup;
			children = (
				B5C7A65A17CAB73F005E0615 /* BMOEDNSymbol.h */,
				B5C7A65B17CAB73F005E0615 /* BMOEDNSymbol.m */,
				B5C7A65117C9B35D005E0615 /* BMOEDNKeyword.h */,
				B5C7A65217C9B35D005E0615 /* BMOEDNKeyword.m */,
				B5C7A65717C9C1F4005E0615 /* BMOEDNList.h */,
				B5C7A65817C9C1F4005E0615 /* BMOEDNList.m */,
				B5B837D817D03B2900AEA457 /* BMOEDNTaggedElement.h */,
				B5B837D917D03B2900AEA457 /* BMOEDNTaggedElement.m */,
			);
			name = Primitives;
			sourceTree = "<group>";
		};
		B5B837D517D0389B00AEA457 /* Protocols */ = {
			isa = PBXGroup;
			children = (
				B5B837D617D038B900AEA457 /* BMOEDNRepresentation.h */,
			);
			name = Protocols;
			sourceTree = "<group>";
		};
		B5C7A61D17C8F282005E0615 = {
			isa = PBXGroup;
			children = (
				B5C7A62B17C8F282005E0615 /* edn-objc */,
				B5C7A64017C8F282005E0615 /* edn-objcTests */,
				B5C7A62817C8F282005E0615 /* Frameworks */,
				B5C7A62717C8F282005E0615 /* Products */,
			);
			sourceTree = "<group>";
		};
		B5C7A62717C8F282005E0615 /* Products */ = {
			isa = PBXGroup;
			children = (
				B5C7A62617C8F282005E0615 /* libedn-objc.a */,
				B5C7A63717C8F282005E0615 /* edn-objcTests.octest */,
			);
			name = Products;
			sourceTree = "<group>";
		};
		B5C7A62817C8F282005E0615 /* Frameworks */ = {
			isa = PBXGroup;
			children = (
				B5C7A62917C8F282005E0615 /* Foundation.framework */,
				B5C7A63817C8F282005E0615 /* SenTestingKit.framework */,
				B5C7A63A17C8F282005E0615 /* UIKit.framework */,
			);
			name = Frameworks;
			sourceTree = "<group>";
		};
		B5C7A62B17C8F282005E0615 /* edn-objc */ = {
			isa = PBXGroup;
			children = (
				B597CD7017D1AB3F00FFF8F4 /* Primitives */,
				B53AE3D217D17268000CBCC0 /* The Danger Zone */,
				B5B837D517D0389B00AEA457 /* Protocols */,
				B5C7A67517CEFAE5005E0615 /* Categories */,
				B53AE3D917D17FA5000CBCC0 /* Representation Implementations */,
				B5C7A66017CC599B005E0615 /* edn-objc.h */,
				B5C7A66617CDBF30005E0615 /* BMOEDNDefines.pch */,
				B5C7A62E17C8F282005E0615 /* BMOEDNSerialization.h */,
				B5C7A63017C8F282005E0615 /* BMOEDNSerialization.m */,
				B5C7A66317CDBE73005E0615 /* BMOEDNReader.h */,
				B5C7A66417CDBE73005E0615 /* BMOEDNReader.m */,
				B5C7A67117CEF1AE005E0615 /* BMOEDNWriter.h */,
				B5C7A67217CEF1AE005E0615 /* BMOEDNWriter.m */,
				B5C7A62C17C8F282005E0615 /* Supporting Files */,
			);
			path = "edn-objc";
			sourceTree = "<group>";
		};
		B5C7A62C17C8F282005E0615 /* Supporting Files */ = {
			isa = PBXGroup;
			children = (
				B5C7A62D17C8F282005E0615 /* edn-objc-Prefix.pch */,
			);
			name = "Supporting Files";
			sourceTree = "<group>";
		};
		B5C7A64017C8F282005E0615 /* edn-objcTests */ = {
			isa = PBXGroup;
			children = (
				B5C7A64617C8F282005E0615 /* edn_objcTests.h */,
				B5C7A64717C8F282005E0615 /* edn_objcTests.m */,
				B5C7A64117C8F282005E0615 /* Supporting Files */,
			);
			path = "edn-objcTests";
			sourceTree = "<group>";
		};
		B5C7A64117C8F282005E0615 /* Supporting Files */ = {
			isa = PBXGroup;
			children = (
				B5C7A64217C8F282005E0615 /* edn-objcTests-Info.plist */,
				B5C7A64317C8F282005E0615 /* InfoPlist.strings */,
			);
			name = "Supporting Files";
			sourceTree = "<group>";
		};
		B5C7A67517CEFAE5005E0615 /* Categories */ = {
			isa = PBXGroup;
			children = (
				B5C7A65D17CC590A005E0615 /* NSString+BMOEDN.h */,
				B5C7A65E17CC590A005E0615 /* NSString+BMOEDN.m */,
				B5C7A67617CEFB26005E0615 /* NSObject+BMOEDN.h */,
				B5C7A67717CEFB26005E0615 /* NSObject+BMOEDN.m */,
			);
			name = Categories;
			sourceTree = "<group>";
		};
/* End PBXGroup section */

/* Begin PBXHeadersBuildPhase section */
		B5C7A66917CDC1F6005E0615 /* Headers */ = {
			isa = PBXHeadersBuildPhase;
			buildActionMask = 2147483647;
			files = (
				B5C7A66A17CDC20A005E0615 /* BMOEDNDefines.pch in Headers */,
				B5C7A66B17CDC21A005E0615 /* BMOEDNSymbol.h in Headers */,
				B5C7A66C17CDC21A005E0615 /* BMOEDNKeyword.h in Headers */,
				B5C7A66D17CDC21A005E0615 /* BMOEDNSerialization.h in Headers */,
				B5C7A66E17CDC21A005E0615 /* BMOEDNList.h in Headers */,
				B5C7A66F17CDC21A005E0615 /* NSString+BMOEDN.h in Headers */,
				B5C7A67317CEF1AE005E0615 /* BMOEDNWriter.h in Headers */,
				B5C7A67817CEFB26005E0615 /* NSObject+BMOEDN.h in Headers */,
				B5B837D717D038B900AEA457 /* BMOEDNRepresentation.h in Headers */,
				B5B837DA17D03B2900AEA457 /* BMOEDNTaggedElement.h in Headers */,
				B53AE3D017D16E2F000CBCC0 /* NSUUID+BMOEDN.h in Headers */,
				B53AE3D417D1728E000CBCC0 /* BMOEDNRegistry.h in Headers */,
				B53AE3DC17D18024000CBCC0 /* NSDate+BMOEDN.h in Headers */,
			);
			runOnlyForDeploymentPostprocessing = 0;
		};
/* End PBXHeadersBuildPhase section */

/* Begin PBXNativeTarget section */
		B5C7A62517C8F282005E0615 /* edn-objc */ = {
			isa = PBXNativeTarget;
			buildConfigurationList = B5C7A64B17C8F282005E0615 /* Build configuration list for PBXNativeTarget "edn-objc" */;
			buildPhases = (
				B5C7A62217C8F282005E0615 /* Sources */,
				B5C7A62317C8F282005E0615 /* Frameworks */,
				B5C7A62417C8F282005E0615 /* CopyFiles */,
				B5C7A66917CDC1F6005E0615 /* Headers */,
			);
			buildRules = (
			);
			dependencies = (
			);
			name = "edn-objc";
			productName = "edn-objc";
			productReference = B5C7A62617C8F282005E0615 /* libedn-objc.a */;
			productType = "com.apple.product-type.library.static";
		};
		B5C7A63617C8F282005E0615 /* edn-objcTests */ = {
			isa = PBXNativeTarget;
			buildConfigurationList = B5C7A64E17C8F282005E0615 /* Build configuration list for PBXNativeTarget "edn-objcTests" */;
			buildPhases = (
				B5C7A63217C8F282005E0615 /* Sources */,
				B5C7A63317C8F282005E0615 /* Frameworks */,
				B5C7A63417C8F282005E0615 /* Resources */,
				B5C7A63517C8F282005E0615 /* ShellScript */,
			);
			buildRules = (
			);
			dependencies = (
				B5C7A63E17C8F282005E0615 /* PBXTargetDependency */,
			);
			name = "edn-objcTests";
			productName = "edn-objcTests";
			productReference = B5C7A63717C8F282005E0615 /* edn-objcTests.octest */;
			productType = "com.apple.product-type.bundle";
		};
/* End PBXNativeTarget section */

/* Begin PBXProject section */
		B5C7A61E17C8F282005E0615 /* Project object */ = {
			isa = PBXProject;
			attributes = {
				LastUpgradeCheck = 0460;
				ORGANIZATIONNAME = "Ben Mosher";
			};
			buildConfigurationList = B5C7A62117C8F282005E0615 /* Build configuration list for PBXProject "edn-objc" */;
			compatibilityVersion = "Xcode 3.2";
			developmentRegion = English;
			hasScannedForEncodings = 0;
			knownRegions = (
				en,
			);
			mainGroup = B5C7A61D17C8F282005E0615;
			productRefGroup = B5C7A62717C8F282005E0615 /* Products */;
			projectDirPath = "";
			projectRoot = "";
			targets = (
				B5C7A62517C8F282005E0615 /* edn-objc */,
				B5C7A63617C8F282005E0615 /* edn-objcTests */,
			);
		};
/* End PBXProject section */

/* Begin PBXResourcesBuildPhase section */
		B5C7A63417C8F282005E0615 /* Resources */ = {
			isa = PBXResourcesBuildPhase;
			buildActionMask = 2147483647;
			files = (
				B5C7A64517C8F282005E0615 /* InfoPlist.strings in Resources */,
			);
			runOnlyForDeploymentPostprocessing = 0;
		};
/* End PBXResourcesBuildPhase section */

/* Begin PBXShellScriptBuildPhase section */
		B5C7A63517C8F282005E0615 /* ShellScript */ = {
			isa = PBXShellScriptBuildPhase;
			buildActionMask = 2147483647;
			files = (
			);
			inputPaths = (
			);
			outputPaths = (
			);
			runOnlyForDeploymentPostprocessing = 0;
			shellPath = /bin/sh;
			shellScript = "# Run the unit tests in this test bundle.\n\"${SYSTEM_DEVELOPER_DIR}/Tools/RunUnitTests\"\n";
		};
/* End PBXShellScriptBuildPhase section */

/* Begin PBXSourcesBuildPhase section */
		B5C7A62217C8F282005E0615 /* Sources */ = {
			isa = PBXSourcesBuildPhase;
			buildActionMask = 2147483647;
			files = (
				B5C7A63117C8F282005E0615 /* BMOEDNSerialization.m in Sources */,
				B5C7A65317C9B35D005E0615 /* BMOEDNKeyword.m in Sources */,
				B5C7A65917C9C1F4005E0615 /* BMOEDNList.m in Sources */,
				B5C7A65C17CAB740005E0615 /* BMOEDNSymbol.m in Sources */,
				B5C7A65F17CC590A005E0615 /* NSString+BMOEDN.m in Sources */,
				B5C7A66517CDBE74005E0615 /* BMOEDNReader.m in Sources */,
				B5C7A67417CEF1AE005E0615 /* BMOEDNWriter.m in Sources */,
				B5C7A67917CEFB26005E0615 /* NSObject+BMOEDN.m in Sources */,
				B5B837DB17D03B2900AEA457 /* BMOEDNTaggedElement.m in Sources */,
				B53AE3D117D16E2F000CBCC0 /* NSUUID+BMOEDN.m in Sources */,
				B53AE3D817D17E3B000CBCC0 /* BMOEDNRegistry.m in Sources */,
				B53AE3DD17D18024000CBCC0 /* NSDate+BMOEDN.m in Sources */,
			);
			runOnlyForDeploymentPostprocessing = 0;
		};
		B5C7A63217C8F282005E0615 /* Sources */ = {
			isa = PBXSourcesBuildPhase;
			buildActionMask = 2147483647;
			files = (
				B5C7A64817C8F282005E0615 /* edn_objcTests.m in Sources */,
			);
			runOnlyForDeploymentPostprocessing = 0;
		};
/* End PBXSourcesBuildPhase section */

/* Begin PBXTargetDependency section */
		B5C7A63E17C8F282005E0615 /* PBXTargetDependency */ = {
			isa = PBXTargetDependency;
			target = B5C7A62517C8F282005E0615 /* edn-objc */;
			targetProxy = B5C7A63D17C8F282005E0615 /* PBXContainerItemProxy */;
		};
/* End PBXTargetDependency section */

/* Begin PBXVariantGroup section */
		B5C7A64317C8F282005E0615 /* InfoPlist.strings */ = {
			isa = PBXVariantGroup;
			children = (
				B5C7A64417C8F282005E0615 /* en */,
			);
			name = InfoPlist.strings;
			sourceTree = "<group>";
		};
/* End PBXVariantGroup section */

/* Begin XCBuildConfiguration section */
		B5C7A64917C8F282005E0615 /* Debug */ = {
			isa = XCBuildConfiguration;
			buildSettings = {
				ALWAYS_SEARCH_USER_PATHS = NO;
				CLANG_CXX_LANGUAGE_STANDARD = "gnu++0x";
				CLANG_CXX_LIBRARY = "libc++";
				CLANG_ENABLE_OBJC_ARC = YES;
				CLANG_WARN_CONSTANT_CONVERSION = YES;
				CLANG_WARN_EMPTY_BODY = YES;
				CLANG_WARN_ENUM_CONVERSION = YES;
				CLANG_WARN_INT_CONVERSION = YES;
				CLANG_WARN__DUPLICATE_METHOD_MATCH = YES;
				COPY_PHASE_STRIP = NO;
				GCC_C_LANGUAGE_STANDARD = gnu99;
				GCC_DYNAMIC_NO_PIC = NO;
				GCC_OPTIMIZATION_LEVEL = 0;
				GCC_PREPROCESSOR_DEFINITIONS = (
					"DEBUG=1",
					"$(inherited)",
				);
				GCC_SYMBOLS_PRIVATE_EXTERN = NO;
				GCC_WARN_ABOUT_RETURN_TYPE = YES;
				GCC_WARN_UNINITIALIZED_AUTOS = YES;
				GCC_WARN_UNUSED_VARIABLE = YES;
				IPHONEOS_DEPLOYMENT_TARGET = 6.1;
				ONLY_ACTIVE_ARCH = YES;
				SDKROOT = iphoneos;
			};
			name = Debug;
		};
		B5C7A64A17C8F282005E0615 /* Release */ = {
			isa = XCBuildConfiguration;
			buildSettings = {
				ALWAYS_SEARCH_USER_PATHS = NO;
				CLANG_CXX_LANGUAGE_STANDARD = "gnu++0x";
				CLANG_CXX_LIBRARY = "libc++";
				CLANG_ENABLE_OBJC_ARC = YES;
				CLANG_WARN_CONSTANT_CONVERSION = YES;
				CLANG_WARN_EMPTY_BODY = YES;
				CLANG_WARN_ENUM_CONVERSION = YES;
				CLANG_WARN_INT_CONVERSION = YES;
				CLANG_WARN__DUPLICATE_METHOD_MATCH = YES;
				COPY_PHASE_STRIP = YES;
				GCC_C_LANGUAGE_STANDARD = gnu99;
				GCC_WARN_ABOUT_RETURN_TYPE = YES;
				GCC_WARN_UNINITIALIZED_AUTOS = YES;
				GCC_WARN_UNUSED_VARIABLE = YES;
				IPHONEOS_DEPLOYMENT_TARGET = 6.1;
				SDKROOT = iphoneos;
				VALIDATE_PRODUCT = YES;
			};
			name = Release;
		};
		B5C7A64C17C8F282005E0615 /* Debug */ = {
			isa = XCBuildConfiguration;
			buildSettings = {
				DSTROOT = /tmp/edn_objc.dst;
				GCC_PRECOMPILE_PREFIX_HEADER = YES;
				GCC_PREFIX_HEADER = "edn-objc/edn-objc-Prefix.pch";
				OTHER_LDFLAGS = "-ObjC";
				PRODUCT_NAME = "$(TARGET_NAME)";
				SKIP_INSTALL = YES;
			};
			name = Debug;
		};
		B5C7A64D17C8F282005E0615 /* Release */ = {
			isa = XCBuildConfiguration;
			buildSettings = {
				DSTROOT = /tmp/edn_objc.dst;
				GCC_PRECOMPILE_PREFIX_HEADER = YES;
				GCC_PREFIX_HEADER = "edn-objc/edn-objc-Prefix.pch";
				OTHER_LDFLAGS = "-ObjC";
				PRODUCT_NAME = "$(TARGET_NAME)";
				SKIP_INSTALL = YES;
			};
			name = Release;
		};
		B5C7A64F17C8F282005E0615 /* Debug */ = {
			isa = XCBuildConfiguration;
			buildSettings = {
				FRAMEWORK_SEARCH_PATHS = (
					"\"$(SDKROOT)/Developer/Library/Frameworks\"",
					"\"$(DEVELOPER_LIBRARY_DIR)/Frameworks\"",
				);
				GCC_PRECOMPILE_PREFIX_HEADER = YES;
				GCC_PREFIX_HEADER = "edn-objc/edn-objc-Prefix.pch";
				INFOPLIST_FILE = "edn-objcTests/edn-objcTests-Info.plist";
				OTHER_LDFLAGS = (
					"-objc",
					"-all_load",
				);
				PRODUCT_NAME = "$(TARGET_NAME)";
				WRAPPER_EXTENSION = octest;
			};
			name = Debug;
		};
		B5C7A65017C8F282005E0615 /* Release */ = {
			isa = XCBuildConfiguration;
			buildSettings = {
				FRAMEWORK_SEARCH_PATHS = (
					"\"$(SDKROOT)/Developer/Library/Frameworks\"",
					"\"$(DEVELOPER_LIBRARY_DIR)/Frameworks\"",
				);
				GCC_PRECOMPILE_PREFIX_HEADER = YES;
				GCC_PREFIX_HEADER = "edn-objc/edn-objc-Prefix.pch";
				INFOPLIST_FILE = "edn-objcTests/edn-objcTests-Info.plist";
				OTHER_LDFLAGS = (
					"-objc",
					"-all_load",
				);
				PRODUCT_NAME = "$(TARGET_NAME)";
				WRAPPER_EXTENSION = octest;
			};
			name = Release;
		};
/* End XCBuildConfiguration section */

/* Begin XCConfigurationList section */
		B5C7A62117C8F282005E0615 /* Build configuration list for PBXProject "edn-objc" */ = {
			isa = XCConfigurationList;
			buildConfigurations = (
				B5C7A64917C8F282005E0615 /* Debug */,
				B5C7A64A17C8F282005E0615 /* Release */,
			);
			defaultConfigurationIsVisible = 0;
			defaultConfigurationName = Release;
		};
		B5C7A64B17C8F282005E0615 /* Build configuration list for PBXNativeTarget "edn-objc" */ = {
			isa = XCConfigurationList;
			buildConfigurations = (
				B5C7A64C17C8F282005E0615 /* Debug */,
				B5C7A64D17C8F282005E0615 /* Release */,
			);
			defaultConfigurationIsVisible = 0;
			defaultConfigurationName = Release;
		};
		B5C7A64E17C8F282005E0615 /* Build configuration list for PBXNativeTarget "edn-objcTests" */ = {
			isa = XCConfigurationList;
			buildConfigurations = (
				B5C7A64F17C8F282005E0615 /* Debug */,
				B5C7A65017C8F282005E0615 /* Release */,
			);
			defaultConfigurationIsVisible = 0;
			defaultConfigurationName = Release;
		};
/* End XCConfigurationList section */
	};
	rootObject = B5C7A61E17C8F282005E0615 /* Project object */;
}
