// !$*UTF8*$!
{
	archiveVersion = 1;
	classes = {
	};
	objectVersion = 46;
	objects = {

/* Begin PBXBuildFile section */
		B539281F17D1D31C00B94545 /* edn-objc-tests.m in Sources */ = {isa = PBXBuildFile; fileRef = B539281E17D1D31C00B94545 /* edn-objc-tests.m */; };
		B539282717D2E53100B94545 /* BMOEDNError.m in Sources */ = {isa = PBXBuildFile; fileRef = B539282617D2E53100B94545 /* BMOEDNError.m */; };
		B539282A17D2F24E00B94545 /* BMOEDNRoot.h in Headers */ = {isa = PBXBuildFile; fileRef = B539282817D2F24E00B94545 /* BMOEDNRoot.h */; settings = {ATTRIBUTES = (Public, ); }; };
		B539282B17D2F24E00B94545 /* BMOEDNRoot.m in Sources */ = {isa = PBXBuildFile; fileRef = B539282917D2F24E00B94545 /* BMOEDNRoot.m */; };
		B53AE3D017D16E2F000CBCC0 /* NSUUID+BMOEDN.h in Headers */ = {isa = PBXBuildFile; fileRef = B53AE3CE17D16E2F000CBCC0 /* NSUUID+BMOEDN.h */; };
		B53AE3D117D16E2F000CBCC0 /* NSUUID+BMOEDN.m in Sources */ = {isa = PBXBuildFile; fileRef = B53AE3CF17D16E2F000CBCC0 /* NSUUID+BMOEDN.m */; };
		B53AE3D417D1728E000CBCC0 /* BMOEDNRegistry.h in Headers */ = {isa = PBXBuildFile; fileRef = B53AE3D317D1728E000CBCC0 /* BMOEDNRegistry.h */; settings = {ATTRIBUTES = (Public, ); }; };
		B53AE3D817D17E3B000CBCC0 /* BMOEDNRegistry.m in Sources */ = {isa = PBXBuildFile; fileRef = B53AE3D517D17648000CBCC0 /* BMOEDNRegistry.m */; };
		B53AE3DC17D18024000CBCC0 /* NSDate+BMOEDN.h in Headers */ = {isa = PBXBuildFile; fileRef = B53AE3DA17D18024000CBCC0 /* NSDate+BMOEDN.h */; };
		B53AE3DD17D18024000CBCC0 /* NSDate+BMOEDN.m in Sources */ = {isa = PBXBuildFile; fileRef = B53AE3DB17D18024000CBCC0 /* NSDate+BMOEDN.m */; };
		B59D8EA31970DBC300881D63 /* BMOEDNArchiver.h in Headers */ = {isa = PBXBuildFile; fileRef = B59D8EA11970DBC300881D63 /* BMOEDNArchiver.h */; };
		B59D8EA41970DBC300881D63 /* BMOEDNArchiver.m in Sources */ = {isa = PBXBuildFile; fileRef = B59D8EA21970DBC300881D63 /* BMOEDNArchiver.m */; };
		B59D8EA71972EEC000881D63 /* NSCodingFoo.m in Sources */ = {isa = PBXBuildFile; fileRef = B59D8EA61972EEC000881D63 /* NSCodingFoo.m */; };
		B59D8EAB1972EF2800881D63 /* NSCodingBar.m in Sources */ = {isa = PBXBuildFile; fileRef = B59D8EAA1972EF2800881D63 /* NSCodingBar.m */; };
		B5A7BA7A17DC280B00EE55A1 /* BMOEDNCharacter.h in Headers */ = {isa = PBXBuildFile; fileRef = B5A7BA7817DC280B00EE55A1 /* BMOEDNCharacter.h */; };
		B5A7BA7B17DC280B00EE55A1 /* BMOEDNCharacter.m in Sources */ = {isa = PBXBuildFile; fileRef = B5A7BA7917DC280B00EE55A1 /* BMOEDNCharacter.m */; };
		B5B837D717D038B900AEA457 /* BMOEDNRepresentation.h in Headers */ = {isa = PBXBuildFile; fileRef = B5B837D617D038B900AEA457 /* BMOEDNRepresentation.h */; };
		B5B837DA17D03B2900AEA457 /* BMOEDNTaggedElement.h in Headers */ = {isa = PBXBuildFile; fileRef = B5B837D817D03B2900AEA457 /* BMOEDNTaggedElement.h */; };
		B5B837DB17D03B2900AEA457 /* BMOEDNTaggedElement.m in Sources */ = {isa = PBXBuildFile; fileRef = B5B837D917D03B2900AEA457 /* BMOEDNTaggedElement.m */; };
		B5BCDA3C196EAD6A0007B42A /* BMOEDNRatio.h in Headers */ = {isa = PBXBuildFile; fileRef = B5BCDA3A196EAD6A0007B42A /* BMOEDNRatio.h */; };
		B5BCDA3D196EAD6A0007B42A /* BMOEDNRatio.m in Sources */ = {isa = PBXBuildFile; fileRef = B5BCDA3B196EAD6A0007B42A /* BMOEDNRatio.m */; };
		B5C7A62A17C8F282005E0615 /* Foundation.framework in Frameworks */ = {isa = PBXBuildFile; fileRef = B5C7A62917C8F282005E0615 /* Foundation.framework */; };
		B5C7A63117C8F282005E0615 /* BMOEDNSerialization.m in Sources */ = {isa = PBXBuildFile; fileRef = B5C7A63017C8F282005E0615 /* BMOEDNSerialization.m */; };
		B5C7A63917C8F282005E0615 /* SenTestingKit.framework in Frameworks */ = {isa = PBXBuildFile; fileRef = B5C7A63817C8F282005E0615 /* SenTestingKit.framework */; };
		B5C7A63B17C8F282005E0615 /* UIKit.framework in Frameworks */ = {isa = PBXBuildFile; fileRef = B5C7A63A17C8F282005E0615 /* UIKit.framework */; };
		B5C7A63C17C8F282005E0615 /* Foundation.framework in Frameworks */ = {isa = PBXBuildFile; fileRef = B5C7A62917C8F282005E0615 /* Foundation.framework */; };
		B5C7A63F17C8F282005E0615 /* libedn-objc.a in Frameworks */ = {isa = PBXBuildFile; fileRef = B5C7A62617C8F282005E0615 /* libedn-objc.a */; };
		B5C7A65317C9B35D005E0615 /* BMOEDNKeyword.m in Sources */ = {isa = PBXBuildFile; fileRef = B5C7A65217C9B35D005E0615 /* BMOEDNKeyword.m */; };
		B5C7A65917C9C1F4005E0615 /* BMOEDNList.m in Sources */ = {isa = PBXBuildFile; fileRef = B5C7A65817C9C1F4005E0615 /* BMOEDNList.m */; };
		B5C7A65C17CAB740005E0615 /* BMOEDNSymbol.m in Sources */ = {isa = PBXBuildFile; fileRef = B5C7A65B17CAB73F005E0615 /* BMOEDNSymbol.m */; };
		B5C7A65F17CC590A005E0615 /* NSString+BMOEDN.m in Sources */ = {isa = PBXBuildFile; fileRef = B5C7A65E17CC590A005E0615 /* NSString+BMOEDN.m */; };
		B5C7A66117CC5A31005E0615 /* edn-objc.h in CopyFiles */ = {isa = PBXBuildFile; fileRef = B5C7A66017CC599B005E0615 /* edn-objc.h */; };
		B5C7A66517CDBE74005E0615 /* BMOEDNReader.m in Sources */ = {isa = PBXBuildFile; fileRef = B5C7A66417CDBE73005E0615 /* BMOEDNReader.m */; };
		B5C7A66A17CDC20A005E0615 /* BMOEDNError.h in Headers */ = {isa = PBXBuildFile; fileRef = B5C7A66617CDBF30005E0615 /* BMOEDNError.h */; settings = {ATTRIBUTES = (Public, ); }; };
		B5C7A66B17CDC21A005E0615 /* BMOEDNSymbol.h in Headers */ = {isa = PBXBuildFile; fileRef = B5C7A65A17CAB73F005E0615 /* BMOEDNSymbol.h */; settings = {ATTRIBUTES = (Public, ); }; };
		B5C7A66C17CDC21A005E0615 /* BMOEDNKeyword.h in Headers */ = {isa = PBXBuildFile; fileRef = B5C7A65117C9B35D005E0615 /* BMOEDNKeyword.h */; settings = {ATTRIBUTES = (Public, ); }; };
		B5C7A66D17CDC21A005E0615 /* BMOEDNSerialization.h in Headers */ = {isa = PBXBuildFile; fileRef = B5C7A62E17C8F282005E0615 /* BMOEDNSerialization.h */; settings = {ATTRIBUTES = (Public, ); }; };
		B5C7A66E17CDC21A005E0615 /* BMOEDNList.h in Headers */ = {isa = PBXBuildFile; fileRef = B5C7A65717C9C1F4005E0615 /* BMOEDNList.h */; settings = {ATTRIBUTES = (Public, ); }; };
		B5C7A66F17CDC21A005E0615 /* NSString+BMOEDN.h in Headers */ = {isa = PBXBuildFile; fileRef = B5C7A65D17CC590A005E0615 /* NSString+BMOEDN.h */; settings = {ATTRIBUTES = (Public, ); }; };
		B5C7A67317CEF1AE005E0615 /* BMOEDNWriter.h in Headers */ = {isa = PBXBuildFile; fileRef = B5C7A67117CEF1AE005E0615 /* BMOEDNWriter.h */; };
		B5C7A67417CEF1AE005E0615 /* BMOEDNWriter.m in Sources */ = {isa = PBXBuildFile; fileRef = B5C7A67217CEF1AE005E0615 /* BMOEDNWriter.m */; };
		B5C7A67817CEFB26005E0615 /* NSObject+BMOEDN.h in Headers */ = {isa = PBXBuildFile; fileRef = B5C7A67617CEFB26005E0615 /* NSObject+BMOEDN.h */; };
		B5C7A67917CEFB26005E0615 /* NSObject+BMOEDN.m in Sources */ = {isa = PBXBuildFile; fileRef = B5C7A67717CEFB26005E0615 /* NSObject+BMOEDN.m */; };
		CFA008CE17D44C600077B8E2 /* BMOEDNReaderState.h in Headers */ = {isa = PBXBuildFile; fileRef = CFA008CC17D44C600077B8E2 /* BMOEDNReaderState.h */; settings = {ATTRIBUTES = (Private, ); }; };
		CFA008CF17D44C600077B8E2 /* BMOEDNReaderState.m in Sources */ = {isa = PBXBuildFile; fileRef = CFA008CD17D44C600077B8E2 /* BMOEDNReaderState.m */; };
		CFA008D217D45E810077B8E2 /* NSInputStream+BMOEDN.h in Headers */ = {isa = PBXBuildFile; fileRef = CFA008D017D45E810077B8E2 /* NSInputStream+BMOEDN.h */; };
		CFA008D317D45E810077B8E2 /* NSInputStream+BMOEDN.m in Sources */ = {isa = PBXBuildFile; fileRef = CFA008D117D45E810077B8E2 /* NSInputStream+BMOEDN.m */; };
		CFA008D617D45F4B0077B8E2 /* NSData+BMOEDN.h in Headers */ = {isa = PBXBuildFile; fileRef = CFA008D417D45F4B0077B8E2 /* NSData+BMOEDN.h */; };
		CFA008D717D45F4B0077B8E2 /* NSData+BMOEDN.m in Sources */ = {isa = PBXBuildFile; fileRef = CFA008D517D45F4B0077B8E2 /* NSData+BMOEDN.m */; };
		CFA008DA17D464AC0077B8E2 /* BMOEDNWriterState.h in Headers */ = {isa = PBXBuildFile; fileRef = CFA008D817D464AC0077B8E2 /* BMOEDNWriterState.h */; settings = {ATTRIBUTES = (Private, ); }; };
		CFA008DB17D464AC0077B8E2 /* BMOEDNWriterState.m in Sources */ = {isa = PBXBuildFile; fileRef = CFA008D917D464AC0077B8E2 /* BMOEDNWriterState.m */; };
		CFA008E017D4D43C0077B8E2 /* BMOLazyEnumerator.h in Headers */ = {isa = PBXBuildFile; fileRef = CFA008DE17D4D43C0077B8E2 /* BMOLazyEnumerator.h */; settings = {ATTRIBUTES = (Private, ); }; };
		CFA008E117D4D43C0077B8E2 /* BMOLazyEnumerator.m in Sources */ = {isa = PBXBuildFile; fileRef = CFA008DF17D4D43C0077B8E2 /* BMOLazyEnumerator.m */; };
/* End PBXBuildFile section */

/* Begin PBXContainerItemProxy section */
		B5C7A63D17C8F282005E0615 /* PBXContainerItemProxy */ = {
			isa = PBXContainerItemProxy;
			containerPortal = B5C7A61E17C8F282005E0615 /* Project object */;
			proxyType = 1;
			remoteGlobalIDString = B5C7A62517C8F282005E0615;
			remoteInfo = "edn-objc";
		};
/* End PBXContainerItemProxy section */

/* Begin PBXCopyFilesBuildPhase section */
		B5C7A62417C8F282005E0615 /* CopyFiles */ = {
			isa = PBXCopyFilesBuildPhase;
			buildActionMask = 2147483647;
			dstPath = "include/${PRODUCT_NAME}";
			dstSubfolderSpec = 16;
			files = (
				B5C7A66117CC5A31005E0615 /* edn-objc.h in CopyFiles */,
			);
			runOnlyForDeploymentPostprocessing = 0;
		};
/* End PBXCopyFilesBuildPhase section */

/* Begin PBXFileReference section */
		B539281D17D1D31C00B94545 /* edn-objc-tests.h */ = {isa = PBXFileReference; fileEncoding = 4; lastKnownFileType = sourcecode.c.h; lineEnding = 0; name = "edn-objc-tests.h"; path = "edn-objc-tests/edn-objc-tests.h"; sourceTree = SOURCE_ROOT; xcLanguageSpecificationIdentifier = xcode.lang.objcpp; };
		B539281E17D1D31C00B94545 /* edn-objc-tests.m */ = {isa = PBXFileReference; fileEncoding = 4; lastKnownFileType = sourcecode.c.objc; lineEnding = 0; name = "edn-objc-tests.m"; path = "edn-objc-tests/edn-objc-tests.m"; sourceTree = SOURCE_ROOT; xcLanguageSpecificationIdentifier = xcode.lang.objc; };
		B539282017D1D32E00B94545 /* edn-objc-tests-Info.plist */ = {isa = PBXFileReference; fileEncoding = 4; lastKnownFileType = text.plist.xml; name = "edn-objc-tests-Info.plist"; path = "edn-objc-tests/edn-objc-tests-Info.plist"; sourceTree = SOURCE_ROOT; };
		B539282617D2E53100B94545 /* BMOEDNError.m */ = {isa = PBXFileReference; fileEncoding = 4; lastKnownFileType = sourcecode.c.objc; path = BMOEDNError.m; sourceTree = "<group>"; };
		B539282817D2F24E00B94545 /* BMOEDNRoot.h */ = {isa = PBXFileReference; fileEncoding = 4; lastKnownFileType = sourcecode.c.h; path = BMOEDNRoot.h; sourceTree = "<group>"; };
		B539282917D2F24E00B94545 /* BMOEDNRoot.m */ = {isa = PBXFileReference; fileEncoding = 4; lastKnownFileType = sourcecode.c.objc; path = BMOEDNRoot.m; sourceTree = "<group>"; };
		B53AE3CE17D16E2F000CBCC0 /* NSUUID+BMOEDN.h */ = {isa = PBXFileReference; fileEncoding = 4; lastKnownFileType = sourcecode.c.h; path = "NSUUID+BMOEDN.h"; sourceTree = "<group>"; };
		B53AE3CF17D16E2F000CBCC0 /* NSUUID+BMOEDN.m */ = {isa = PBXFileReference; fileEncoding = 4; lastKnownFileType = sourcecode.c.objc; path = "NSUUID+BMOEDN.m"; sourceTree = "<group>"; };
		B53AE3D317D1728E000CBCC0 /* BMOEDNRegistry.h */ = {isa = PBXFileReference; fileEncoding = 4; lastKnownFileType = sourcecode.c.h; path = BMOEDNRegistry.h; sourceTree = "<group>"; };
		B53AE3D517D17648000CBCC0 /* BMOEDNRegistry.m */ = {isa = PBXFileReference; fileEncoding = 4; lastKnownFileType = sourcecode.c.objc; lineEnding = 0; path = BMOEDNRegistry.m; sourceTree = "<group>"; xcLanguageSpecificationIdentifier = xcode.lang.objc; };
		B53AE3DA17D18024000CBCC0 /* NSDate+BMOEDN.h */ = {isa = PBXFileReference; fileEncoding = 4; lastKnownFileType = sourcecode.c.h; path = "NSDate+BMOEDN.h"; sourceTree = "<group>"; };
		B53AE3DB17D18024000CBCC0 /* NSDate+BMOEDN.m */ = {isa = PBXFileReference; fileEncoding = 4; lastKnownFileType = sourcecode.c.objc; path = "NSDate+BMOEDN.m"; sourceTree = "<group>"; };
		B59D8EA11970DBC300881D63 /* BMOEDNArchiver.h */ = {isa = PBXFileReference; fileEncoding = 4; lastKnownFileType = sourcecode.c.h; path = BMOEDNArchiver.h; sourceTree = "<group>"; };
		B59D8EA21970DBC300881D63 /* BMOEDNArchiver.m */ = {isa = PBXFileReference; fileEncoding = 4; lastKnownFileType = sourcecode.c.objc; path = BMOEDNArchiver.m; sourceTree = "<group>"; };
		B59D8EA51972EEC000881D63 /* NSCodingFoo.h */ = {isa = PBXFileReference; fileEncoding = 4; lastKnownFileType = sourcecode.c.h; name = NSCodingFoo.h; path = "edn-objc-tests/NSCodingFoo.h"; sourceTree = SOURCE_ROOT; };
		B59D8EA61972EEC000881D63 /* NSCodingFoo.m */ = {isa = PBXFileReference; fileEncoding = 4; lastKnownFileType = sourcecode.c.objc; name = NSCodingFoo.m; path = "edn-objc-tests/NSCodingFoo.m"; sourceTree = SOURCE_ROOT; };
		B59D8EA91972EF2800881D63 /* NSCodingBar.h */ = {isa = PBXFileReference; fileEncoding = 4; lastKnownFileType = sourcecode.c.h; name = NSCodingBar.h; path = "edn-objc-tests/NSCodingBar.h"; sourceTree = SOURCE_ROOT; };
		B59D8EAA1972EF2800881D63 /* NSCodingBar.m */ = {isa = PBXFileReference; fileEncoding = 4; lastKnownFileType = sourcecode.c.objc; name = NSCodingBar.m; path = "edn-objc-tests/NSCodingBar.m"; sourceTree = SOURCE_ROOT; };
		B5A7BA7817DC280B00EE55A1 /* BMOEDNCharacter.h */ = {isa = PBXFileReference; fileEncoding = 4; lastKnownFileType = sourcecode.c.h; path = BMOEDNCharacter.h; sourceTree = "<group>"; };
		B5A7BA7917DC280B00EE55A1 /* BMOEDNCharacter.m */ = {isa = PBXFileReference; fileEncoding = 4; lastKnownFileType = sourcecode.c.objc; path = BMOEDNCharacter.m; sourceTree = "<group>"; };
		B5B837D617D038B900AEA457 /* BMOEDNRepresentation.h */ = {isa = PBXFileReference; fileEncoding = 4; lastKnownFileType = sourcecode.c.h; lineEnding = 0; path = BMOEDNRepresentation.h; sourceTree = "<group>"; };
		B5B837D817D03B2900AEA457 /* BMOEDNTaggedElement.h */ = {isa = PBXFileReference; fileEncoding = 4; lastKnownFileType = sourcecode.c.h; path = BMOEDNTaggedElement.h; sourceTree = "<group>"; };
		B5B837D917D03B2900AEA457 /* BMOEDNTaggedElement.m */ = {isa = PBXFileReference; fileEncoding = 4; lastKnownFileType = sourcecode.c.objc; path = BMOEDNTaggedElement.m; sourceTree = "<group>"; };
		B5BCDA3A196EAD6A0007B42A /* BMOEDNRatio.h */ = {isa = PBXFileReference; fileEncoding = 4; lastKnownFileType = sourcecode.c.h; path = BMOEDNRatio.h; sourceTree = "<group>"; };
		B5BCDA3B196EAD6A0007B42A /* BMOEDNRatio.m */ = {isa = PBXFileReference; fileEncoding = 4; lastKnownFileType = sourcecode.c.objc; path = BMOEDNRatio.m; sourceTree = "<group>"; };
		B5C7A62617C8F282005E0615 /* libedn-objc.a */ = {isa = PBXFileReference; explicitFileType = archive.ar; includeInIndex = 0; path = "libedn-objc.a"; sourceTree = BUILT_PRODUCTS_DIR; };
		B5C7A62917C8F282005E0615 /* Foundation.framework */ = {isa = PBXFileReference; lastKnownFileType = wrapper.framework; name = Foundation.framework; path = System/Library/Frameworks/Foundation.framework; sourceTree = SDKROOT; };
		B5C7A62D17C8F282005E0615 /* edn-objc-Prefix.pch */ = {isa = PBXFileReference; lastKnownFileType = sourcecode.c.h; path = "edn-objc-Prefix.pch"; sourceTree = "<group>"; };
		B5C7A62E17C8F282005E0615 /* BMOEDNSerialization.h */ = {isa = PBXFileReference; lastKnownFileType = sourcecode.c.h; lineEnding = 0; path = BMOEDNSerialization.h; sourceTree = "<group>"; };
		B5C7A63017C8F282005E0615 /* BMOEDNSerialization.m */ = {isa = PBXFileReference; lastKnownFileType = sourcecode.c.objc; lineEnding = 0; path = BMOEDNSerialization.m; sourceTree = "<group>"; xcLanguageSpecificationIdentifier = xcode.lang.objc; };
		B5C7A63717C8F282005E0615 /* edn-objc-tests.octest */ = {isa = PBXFileReference; explicitFileType = wrapper.cfbundle; includeInIndex = 0; path = "edn-objc-tests.octest"; sourceTree = BUILT_PRODUCTS_DIR; };
		B5C7A63817C8F282005E0615 /* SenTestingKit.framework */ = {isa = PBXFileReference; lastKnownFileType = wrapper.framework; name = SenTestingKit.framework; path = Library/Frameworks/SenTestingKit.framework; sourceTree = DEVELOPER_DIR; };
		B5C7A63A17C8F282005E0615 /* UIKit.framework */ = {isa = PBXFileReference; lastKnownFileType = wrapper.framework; name = UIKit.framework; path = Library/Frameworks/UIKit.framework; sourceTree = DEVELOPER_DIR; };
		B5C7A65117C9B35D005E0615 /* BMOEDNKeyword.h */ = {isa = PBXFileReference; fileEncoding = 4; lastKnownFileType = sourcecode.c.h; path = BMOEDNKeyword.h; sourceTree = "<group>"; };
		B5C7A65217C9B35D005E0615 /* BMOEDNKeyword.m */ = {isa = PBXFileReference; fileEncoding = 4; lastKnownFileType = sourcecode.c.objc; path = BMOEDNKeyword.m; sourceTree = "<group>"; };
		B5C7A65717C9C1F4005E0615 /* BMOEDNList.h */ = {isa = PBXFileReference; fileEncoding = 4; lastKnownFileType = sourcecode.c.h; path = BMOEDNList.h; sourceTree = "<group>"; };
		B5C7A65817C9C1F4005E0615 /* BMOEDNList.m */ = {isa = PBXFileReference; fileEncoding = 4; lastKnownFileType = sourcecode.c.objc; path = BMOEDNList.m; sourceTree = "<group>"; };
		B5C7A65A17CAB73F005E0615 /* BMOEDNSymbol.h */ = {isa = PBXFileReference; fileEncoding = 4; lastKnownFileType = sourcecode.c.h; path = BMOEDNSymbol.h; sourceTree = "<group>"; };
		B5C7A65B17CAB73F005E0615 /* BMOEDNSymbol.m */ = {isa = PBXFileReference; fileEncoding = 4; lastKnownFileType = sourcecode.c.objc; path = BMOEDNSymbol.m; sourceTree = "<group>"; };
		B5C7A65D17CC590A005E0615 /* NSString+BMOEDN.h */ = {isa = PBXFileReference; fileEncoding = 4; lastKnownFileType = sourcecode.c.h; path = "NSString+BMOEDN.h"; sourceTree = "<group>"; };
		B5C7A65E17CC590A005E0615 /* NSString+BMOEDN.m */ = {isa = PBXFileReference; fileEncoding = 4; lastKnownFileType = sourcecode.c.objc; path = "NSString+BMOEDN.m"; sourceTree = "<group>"; };
		B5C7A66017CC599B005E0615 /* edn-objc.h */ = {isa = PBXFileReference; fileEncoding = 4; lastKnownFileType = sourcecode.c.h; path = "edn-objc.h"; sourceTree = "<group>"; };
		B5C7A66317CDBE73005E0615 /* BMOEDNReader.h */ = {isa = PBXFileReference; fileEncoding = 4; lastKnownFileType = sourcecode.c.h; path = BMOEDNReader.h; sourceTree = "<group>"; };
		B5C7A66417CDBE73005E0615 /* BMOEDNReader.m */ = {isa = PBXFileReference; fileEncoding = 4; lastKnownFileType = sourcecode.c.objc; lineEnding = 0; path = BMOEDNReader.m; sourceTree = "<group>"; xcLanguageSpecificationIdentifier = xcode.lang.objc; };
		B5C7A66617CDBF30005E0615 /* BMOEDNError.h */ = {isa = PBXFileReference; lastKnownFileType = sourcecode.c.h; path = BMOEDNError.h; sourceTree = "<group>"; };
		B5C7A67117CEF1AE005E0615 /* BMOEDNWriter.h */ = {isa = PBXFileReference; fileEncoding = 4; lastKnownFileType = sourcecode.c.h; path = BMOEDNWriter.h; sourceTree = "<group>"; };
		B5C7A67217CEF1AE005E0615 /* BMOEDNWriter.m */ = {isa = PBXFileReference; fileEncoding = 4; lastKnownFileType = sourcecode.c.objc; lineEnding = 0; path = BMOEDNWriter.m; sourceTree = "<group>"; xcLanguageSpecificationIdentifier = xcode.lang.objc; };
		B5C7A67617CEFB26005E0615 /* NSObject+BMOEDN.h */ = {isa = PBXFileReference; fileEncoding = 4; lastKnownFileType = sourcecode.c.h; path = "NSObject+BMOEDN.h"; sourceTree = "<group>"; };
		B5C7A67717CEFB26005E0615 /* NSObject+BMOEDN.m */ = {isa = PBXFileReference; fileEncoding = 4; lastKnownFileType = sourcecode.c.objc; path = "NSObject+BMOEDN.m"; sourceTree = "<group>"; };
		CFA008CC17D44C600077B8E2 /* BMOEDNReaderState.h */ = {isa = PBXFileReference; fileEncoding = 4; lastKnownFileType = sourcecode.c.h; path = BMOEDNReaderState.h; sourceTree = "<group>"; };
		CFA008CD17D44C600077B8E2 /* BMOEDNReaderState.m */ = {isa = PBXFileReference; fileEncoding = 4; lastKnownFileType = sourcecode.c.objc; path = BMOEDNReaderState.m; sourceTree = "<group>"; };
		CFA008D017D45E810077B8E2 /* NSInputStream+BMOEDN.h */ = {isa = PBXFileReference; fileEncoding = 4; lastKnownFileType = sourcecode.c.h; path = "NSInputStream+BMOEDN.h"; sourceTree = "<group>"; };
		CFA008D117D45E810077B8E2 /* NSInputStream+BMOEDN.m */ = {isa = PBXFileReference; fileEncoding = 4; lastKnownFileType = sourcecode.c.objc; path = "NSInputStream+BMOEDN.m"; sourceTree = "<group>"; };
		CFA008D417D45F4B0077B8E2 /* NSData+BMOEDN.h */ = {isa = PBXFileReference; fileEncoding = 4; lastKnownFileType = sourcecode.c.h; path = "NSData+BMOEDN.h"; sourceTree = "<group>"; };
		CFA008D517D45F4B0077B8E2 /* NSData+BMOEDN.m */ = {isa = PBXFileReference; fileEncoding = 4; lastKnownFileType = sourcecode.c.objc; path = "NSData+BMOEDN.m"; sourceTree = "<group>"; };
		CFA008D817D464AC0077B8E2 /* BMOEDNWriterState.h */ = {isa = PBXFileReference; fileEncoding = 4; lastKnownFileType = sourcecode.c.h; path = BMOEDNWriterState.h; sourceTree = "<group>"; };
		CFA008D917D464AC0077B8E2 /* BMOEDNWriterState.m */ = {isa = PBXFileReference; fileEncoding = 4; lastKnownFileType = sourcecode.c.objc; path = BMOEDNWriterState.m; sourceTree = "<group>"; };
		CFA008DE17D4D43C0077B8E2 /* BMOLazyEnumerator.h */ = {isa = PBXFileReference; fileEncoding = 4; lastKnownFileType = sourcecode.c.h; path = BMOLazyEnumerator.h; sourceTree = "<group>"; };
		CFA008DF17D4D43C0077B8E2 /* BMOLazyEnumerator.m */ = {isa = PBXFileReference; fileEncoding = 4; lastKnownFileType = sourcecode.c.objc; path = BMOLazyEnumerator.m; sourceTree = "<group>"; };
/* End PBXFileReference section */

/* Begin PBXFrameworksBuildPhase section */
		B5C7A62317C8F282005E0615 /* Frameworks */ = {
			isa = PBXFrameworksBuildPhase;
			buildActionMask = 2147483647;
			files = (
				B5C7A62A17C8F282005E0615 /* Foundation.framework in Frameworks */,
			);
			runOnlyForDeploymentPostprocessing = 0;
		};
		B5C7A63317C8F282005E0615 /* Frameworks */ = {
			isa = PBXFrameworksBuildPhase;
			buildActionMask = 2147483647;
			files = (
				B5C7A63917C8F282005E0615 /* SenTestingKit.framework in Frameworks */,
				B5C7A63B17C8F282005E0615 /* UIKit.framework in Frameworks */,
				B5C7A63C17C8F282005E0615 /* Foundation.framework in Frameworks */,
				B5C7A63F17C8F282005E0615 /* libedn-objc.a in Frameworks */,
			);
			runOnlyForDeploymentPostprocessing = 0;
		};
/* End PBXFrameworksBuildPhase section */

/* Begin PBXGroup section */
		B53AE3D917D17FA5000CBCC0 /* Representation Implementations */ = {
			isa = PBXGroup;
			children = (
				B53AE3CE17D16E2F000CBCC0 /* NSUUID+BMOEDN.h */,
				B53AE3CF17D16E2F000CBCC0 /* NSUUID+BMOEDN.m */,
				B53AE3DA17D18024000CBCC0 /* NSDate+BMOEDN.h */,
				B53AE3DB17D18024000CBCC0 /* NSDate+BMOEDN.m */,
			);
			name = "Representation Implementations";
			sourceTree = "<group>";
		};
		B597CD7017D1AB3F00FFF8F4 /* Primitives */ = {
			isa = PBXGroup;
			children = (
				B539282817D2F24E00B94545 /* BMOEDNRoot.h */,
				B539282917D2F24E00B94545 /* BMOEDNRoot.m */,
				B5C7A65A17CAB73F005E0615 /* BMOEDNSymbol.h */,
				B5C7A65B17CAB73F005E0615 /* BMOEDNSymbol.m */,
				B5C7A65117C9B35D005E0615 /* BMOEDNKeyword.h */,
				B5C7A65217C9B35D005E0615 /* BMOEDNKeyword.m */,
				B5C7A65717C9C1F4005E0615 /* BMOEDNList.h */,
				B5C7A65817C9C1F4005E0615 /* BMOEDNList.m */,
				B5B837D817D03B2900AEA457 /* BMOEDNTaggedElement.h */,
				B5B837D917D03B2900AEA457 /* BMOEDNTaggedElement.m */,
				B5A7BA7817DC280B00EE55A1 /* BMOEDNCharacter.h */,
				B5A7BA7917DC280B00EE55A1 /* BMOEDNCharacter.m */,
				B5BCDA3A196EAD6A0007B42A /* BMOEDNRatio.h */,
				B5BCDA3B196EAD6A0007B42A /* BMOEDNRatio.m */,
			);
			name = Primitives;
			sourceTree = "<group>";
		};
		B59D8EA81972EECA00881D63 /* NSCoding test classes */ = {
			isa = PBXGroup;
			children = (
				B59D8EA51972EEC000881D63 /* NSCodingFoo.h */,
				B59D8EA61972EEC000881D63 /* NSCodingFoo.m */,
				B59D8EA91972EF2800881D63 /* NSCodingBar.h */,
				B59D8EAA1972EF2800881D63 /* NSCodingBar.m */,
			);
			name = "NSCoding test classes";
			sourceTree = "<group>";
		};
		B5B837D517D0389B00AEA457 /* Representation */ = {
			isa = PBXGroup;
			children = (
				B53AE3D317D1728E000CBCC0 /* BMOEDNRegistry.h */,
				B53AE3D517D17648000CBCC0 /* BMOEDNRegistry.m */,
				B5B837D617D038B900AEA457 /* BMOEDNRepresentation.h */,
			);
			name = Representation;
			sourceTree = "<group>";
		};
		B5C7A61D17C8F282005E0615 = {
			isa = PBXGroup;
			children = (
				B5C7A62B17C8F282005E0615 /* edn-objc */,
				B5C7A64017C8F282005E0615 /* edn-objc-tests */,
				B5C7A62817C8F282005E0615 /* Frameworks */,
				B5C7A62717C8F282005E0615 /* Products */,
			);
			sourceTree = "<group>";
		};
		B5C7A62717C8F282005E0615 /* Products */ = {
			isa = PBXGroup;
			children = (
				B5C7A62617C8F282005E0615 /* libedn-objc.a */,
				B5C7A63717C8F282005E0615 /* edn-objc-tests.octest */,
			);
			name = Products;
			sourceTree = "<group>";
		};
		B5C7A62817C8F282005E0615 /* Frameworks */ = {
			isa = PBXGroup;
			children = (
				B5C7A62917C8F282005E0615 /* Foundation.framework */,
				B5C7A63817C8F282005E0615 /* SenTestingKit.framework */,
				B5C7A63A17C8F282005E0615 /* UIKit.framework */,
			);
			name = Frameworks;
			sourceTree = "<group>";
		};
		B5C7A62B17C8F282005E0615 /* edn-objc */ = {
			isa = PBXGroup;
			children = (
				B5C7A66017CC599B005E0615 /* edn-objc.h */,
				B5C7A62E17C8F282005E0615 /* BMOEDNSerialization.h */,
				B5C7A63017C8F282005E0615 /* BMOEDNSerialization.m */,
				B597CD7017D1AB3F00FFF8F4 /* Primitives */,
				B5B837D517D0389B00AEA457 /* Representation */,
				B53AE3D917D17FA5000CBCC0 /* Representation Implementations */,
				B5C7A67517CEFAE5005E0615 /* Categories */,
				CFA008CB17D44C2F0077B8E2 /* Serialization */,
				B5C7A66617CDBF30005E0615 /* BMOEDNError.h */,
				B539282617D2E53100B94545 /* BMOEDNError.m */,
				B5C7A62C17C8F282005E0615 /* Supporting Files */,
			);
			path = "edn-objc";
			sourceTree = "<group>";
		};
		B5C7A62C17C8F282005E0615 /* Supporting Files */ = {
			isa = PBXGroup;
			children = (
				B5C7A62D17C8F282005E0615 /* edn-objc-Prefix.pch */,
			);
			name = "Supporting Files";
			sourceTree = "<group>";
		};
		B5C7A64017C8F282005E0615 /* edn-objc-tests */ = {
			isa = PBXGroup;
			children = (
				B59D8EA81972EECA00881D63 /* NSCoding test classes */,
				B539281D17D1D31C00B94545 /* edn-objc-tests.h */,
				B539281E17D1D31C00B94545 /* edn-objc-tests.m */,
				B539282017D1D32E00B94545 /* edn-objc-tests-Info.plist */,
			);
			name = "edn-objc-tests";
			path = "edn-objcTests";
			sourceTree = "<group>";
		};
		B5C7A67517CEFAE5005E0615 /* Categories */ = {
			isa = PBXGroup;
			children = (
				B5C7A67617CEFB26005E0615 /* NSObject+BMOEDN.h */,
				B5C7A67717CEFB26005E0615 /* NSObject+BMOEDN.m */,
				B5C7A65D17CC590A005E0615 /* NSString+BMOEDN.h */,
				B5C7A65E17CC590A005E0615 /* NSString+BMOEDN.m */,
				CFA008D017D45E810077B8E2 /* NSInputStream+BMOEDN.h */,
				CFA008D117D45E810077B8E2 /* NSInputStream+BMOEDN.m */,
				CFA008D417D45F4B0077B8E2 /* NSData+BMOEDN.h */,
				CFA008D517D45F4B0077B8E2 /* NSData+BMOEDN.m */,
			);
			name = Categories;
			sourceTree = "<group>";
		};
		CFA008CB17D44C2F0077B8E2 /* Serialization */ = {
			isa = PBXGroup;
			children = (
				CFA008DC17D464CF0077B8E2 /* Reading */,
				CFA008DD17D464DC0077B8E2 /* Writing */,
			);
			name = Serialization;
			sourceTree = "<group>";
		};
		CFA008DC17D464CF0077B8E2 /* Reading */ = {
			isa = PBXGroup;
			children = (
				CFA008CC17D44C600077B8E2 /* BMOEDNReaderState.h */,
				CFA008CD17D44C600077B8E2 /* BMOEDNReaderState.m */,
				B5C7A66317CDBE73005E0615 /* BMOEDNReader.h */,
				B5C7A66417CDBE73005E0615 /* BMOEDNReader.m */,
				CFA008DE17D4D43C0077B8E2 /* BMOLazyEnumerator.h */,
				CFA008DF17D4D43C0077B8E2 /* BMOLazyEnumerator.m */,
			);
			name = Reading;
			sourceTree = "<group>";
		};
		CFA008DD17D464DC0077B8E2 /* Writing */ = {
			isa = PBXGroup;
			children = (
				CFA008D817D464AC0077B8E2 /* BMOEDNWriterState.h */,
				CFA008D917D464AC0077B8E2 /* BMOEDNWriterState.m */,
				B5C7A67117CEF1AE005E0615 /* BMOEDNWriter.h */,
				B5C7A67217CEF1AE005E0615 /* BMOEDNWriter.m */,
				B59D8EA11970DBC300881D63 /* BMOEDNArchiver.h */,
				B59D8EA21970DBC300881D63 /* BMOEDNArchiver.m */,
			);
			name = Writing;
			sourceTree = "<group>";
		};
/* End PBXGroup section */

/* Begin PBXHeadersBuildPhase section */
		B5C7A66917CDC1F6005E0615 /* Headers */ = {
			isa = PBXHeadersBuildPhase;
			buildActionMask = 2147483647;
			files = (
				B5C7A66A17CDC20A005E0615 /* BMOEDNError.h in Headers */,
				B5C7A66B17CDC21A005E0615 /* BMOEDNSymbol.h in Headers */,
				B5C7A66C17CDC21A005E0615 /* BMOEDNKeyword.h in Headers */,
				B5C7A66D17CDC21A005E0615 /* BMOEDNSerialization.h in Headers */,
				B5C7A66E17CDC21A005E0615 /* BMOEDNList.h in Headers */,
				B59D8EA31970DBC300881D63 /* BMOEDNArchiver.h in Headers */,
				B5C7A66F17CDC21A005E0615 /* NSString+BMOEDN.h in Headers */,
				B5C7A67317CEF1AE005E0615 /* BMOEDNWriter.h in Headers */,
				B5C7A67817CEFB26005E0615 /* NSObject+BMOEDN.h in Headers */,
				B5B837D717D038B900AEA457 /* BMOEDNRepresentation.h in Headers */,
				B5B837DA17D03B2900AEA457 /* BMOEDNTaggedElement.h in Headers */,
				B53AE3D017D16E2F000CBCC0 /* NSUUID+BMOEDN.h in Headers */,
				B53AE3D417D1728E000CBCC0 /* BMOEDNRegistry.h in Headers */,
				B53AE3DC17D18024000CBCC0 /* NSDate+BMOEDN.h in Headers */,
				B539282A17D2F24E00B94545 /* BMOEDNRoot.h in Headers */,
				CFA008CE17D44C600077B8E2 /* BMOEDNReaderState.h in Headers */,
				CFA008D217D45E810077B8E2 /* NSInputStream+BMOEDN.h in Headers */,
				CFA008D617D45F4B0077B8E2 /* NSData+BMOEDN.h in Headers */,
				B5BCDA3C196EAD6A0007B42A /* BMOEDNRatio.h in Headers */,
				CFA008DA17D464AC0077B8E2 /* BMOEDNWriterState.h in Headers */,
				CFA008E017D4D43C0077B8E2 /* BMOLazyEnumerator.h in Headers */,
				B5A7BA7A17DC280B00EE55A1 /* BMOEDNCharacter.h in Headers */,
			);
			runOnlyForDeploymentPostprocessing = 0;
		};
/* End PBXHeadersBuildPhase section */

/* Begin PBXNativeTarget section */
		B5C7A62517C8F282005E0615 /* edn-objc */ = {
			isa = PBXNativeTarget;
			buildConfigurationList = B5C7A64B17C8F282005E0615 /* Build configuration list for PBXNativeTarget "edn-objc" */;
			buildPhases = (
				B5C7A62217C8F282005E0615 /* Sources */,
				B5C7A62317C8F282005E0615 /* Frameworks */,
				B5C7A62417C8F282005E0615 /* CopyFiles */,
				B5C7A66917CDC1F6005E0615 /* Headers */,
			);
			buildRules = (
			);
			dependencies = (
			);
			name = "edn-objc";
			productName = "edn-objc";
			productReference = B5C7A62617C8F282005E0615 /* libedn-objc.a */;
			productType = "com.apple.product-type.library.static";
		};
		B5C7A63617C8F282005E0615 /* edn-objc-tests */ = {
			isa = PBXNativeTarget;
			buildConfigurationList = B5C7A64E17C8F282005E0615 /* Build configuration list for PBXNativeTarget "edn-objc-tests" */;
			buildPhases = (
				B5C7A63217C8F282005E0615 /* Sources */,
				B5C7A63317C8F282005E0615 /* Frameworks */,
				B5C7A63417C8F282005E0615 /* Resources */,
				B5C7A63517C8F282005E0615 /* ShellScript */,
			);
			buildRules = (
			);
			dependencies = (
				B5C7A63E17C8F282005E0615 /* PBXTargetDependency */,
			);
			name = "edn-objc-tests";
			productName = "edn-objcTests";
			productReference = B5C7A63717C8F282005E0615 /* edn-objc-tests.octest */;
			productType = "com.apple.product-type.bundle";
		};
/* End PBXNativeTarget section */

/* Begin PBXProject section */
		B5C7A61E17C8F282005E0615 /* Project object */ = {
			isa = PBXProject;
			attributes = {
				LastUpgradeCheck = 0460;
				ORGANIZATIONNAME = "Ben Mosher";
			};
			buildConfigurationList = B5C7A62117C8F282005E0615 /* Build configuration list for PBXProject "edn-objc" */;
			compatibilityVersion = "Xcode 3.2";
			developmentRegion = English;
			hasScannedForEncodings = 0;
			knownRegions = (
				en,
			);
			mainGroup = B5C7A61D17C8F282005E0615;
			productRefGroup = B5C7A62717C8F282005E0615 /* Products */;
			projectDirPath = "";
			projectRoot = "";
			targets = (
				B5C7A62517C8F282005E0615 /* edn-objc */,
				B5C7A63617C8F282005E0615 /* edn-objc-tests */,
			);
		};
/* End PBXProject section */

/* Begin PBXResourcesBuildPhase section */
		B5C7A63417C8F282005E0615 /* Resources */ = {
			isa = PBXResourcesBuildPhase;
			buildActionMask = 2147483647;
			files = (
			);
			runOnlyForDeploymentPostprocessing = 0;
		};
/* End PBXResourcesBuildPhase section */

/* Begin PBXShellScriptBuildPhase section */
		B5C7A63517C8F282005E0615 /* ShellScript */ = {
			isa = PBXShellScriptBuildPhase;
			buildActionMask = 2147483647;
			files = (
			);
			inputPaths = (
			);
			outputPaths = (
			);
			runOnlyForDeploymentPostprocessing = 0;
			shellPath = /bin/sh;
			shellScript = "# Run the unit tests in this test bundle.\n\"${SYSTEM_DEVELOPER_DIR}/Tools/RunUnitTests\"\n";
		};
/* End PBXShellScriptBuildPhase section */

/* Begin PBXSourcesBuildPhase section */
		B5C7A62217C8F282005E0615 /* Sources */ = {
			isa = PBXSourcesBuildPhase;
			buildActionMask = 2147483647;
			files = (
				B59D8EA41970DBC300881D63 /* BMOEDNArchiver.m in Sources */,
				B5C7A63117C8F282005E0615 /* BMOEDNSerialization.m in Sources */,
				B5C7A65317C9B35D005E0615 /* BMOEDNKeyword.m in Sources */,
				B5C7A65917C9C1F4005E0615 /* BMOEDNList.m in Sources */,
				B5C7A65C17CAB740005E0615 /* BMOEDNSymbol.m in Sources */,
				B5C7A65F17CC590A005E0615 /* NSString+BMOEDN.m in Sources */,
				B5C7A66517CDBE74005E0615 /* BMOEDNReader.m in Sources */,
				B5C7A67417CEF1AE005E0615 /* BMOEDNWriter.m in Sources */,
				B5C7A67917CEFB26005E0615 /* NSObject+BMOEDN.m in Sources */,
				B5B837DB17D03B2900AEA457 /* BMOEDNTaggedElement.m in Sources */,
				B53AE3D117D16E2F000CBCC0 /* NSUUID+BMOEDN.m in Sources */,
				B53AE3D817D17E3B000CBCC0 /* BMOEDNRegistry.m in Sources */,
				B53AE3DD17D18024000CBCC0 /* NSDate+BMOEDN.m in Sources */,
				B539282717D2E53100B94545 /* BMOEDNError.m in Sources */,
				B539282B17D2F24E00B94545 /* BMOEDNRoot.m in Sources */,
				CFA008CF17D44C600077B8E2 /* BMOEDNReaderState.m in Sources */,
				CFA008D317D45E810077B8E2 /* NSInputStream+BMOEDN.m in Sources */,
				CFA008D717D45F4B0077B8E2 /* NSData+BMOEDN.m in Sources */,
				CFA008DB17D464AC0077B8E2 /* BMOEDNWriterState.m in Sources */,
				B5BCDA3D196EAD6A0007B42A /* BMOEDNRatio.m in Sources */,
				CFA008E117D4D43C0077B8E2 /* BMOLazyEnumerator.m in Sources */,
				B5A7BA7B17DC280B00EE55A1 /* BMOEDNCharacter.m in Sources */,
			);
			runOnlyForDeploymentPostprocessing = 0;
		};
		B5C7A63217C8F282005E0615 /* Sources */ = {
			isa = PBXSourcesBuildPhase;
			buildActionMask = 2147483647;
			files = (
				B539281F17D1D31C00B94545 /* edn-objc-tests.m in Sources */,
				B59D8EAB1972EF2800881D63 /* NSCodingBar.m in Sources */,
				B59D8EA71972EEC000881D63 /* NSCodingFoo.m in Sources */,
			);
			runOnlyForDeploymentPostprocessing = 0;
		};
/* End PBXSourcesBuildPhase section */

/* Begin PBXTargetDependency section */
		B5C7A63E17C8F282005E0615 /* PBXTargetDependency */ = {
			isa = PBXTargetDependency;
			target = B5C7A62517C8F282005E0615 /* edn-objc */;
			targetProxy = B5C7A63D17C8F282005E0615 /* PBXContainerItemProxy */;
		};
/* End PBXTargetDependency section */

/* Begin XCBuildConfiguration section */
		B5C7A64917C8F282005E0615 /* Debug */ = {
			isa = XCBuildConfiguration;
			buildSettings = {
				ALWAYS_SEARCH_USER_PATHS = NO;
				CLANG_CXX_LANGUAGE_STANDARD = "gnu++0x";
				CLANG_CXX_LIBRARY = "libc++";
				CLANG_ENABLE_OBJC_ARC = YES;
				CLANG_WARN_CONSTANT_CONVERSION = YES;
				CLANG_WARN_EMPTY_BODY = YES;
				CLANG_WARN_ENUM_CONVERSION = YES;
				CLANG_WARN_INT_CONVERSION = YES;
				CLANG_WARN__DUPLICATE_METHOD_MATCH = YES;
				COPY_PHASE_STRIP = NO;
				GCC_C_LANGUAGE_STANDARD = gnu99;
				GCC_DYNAMIC_NO_PIC = NO;
				GCC_OPTIMIZATION_LEVEL = 0;
				GCC_PREPROCESSOR_DEFINITIONS = (
					"DEBUG=1",
					"$(inherited)",
				);
				GCC_SYMBOLS_PRIVATE_EXTERN = NO;
				GCC_WARN_ABOUT_RETURN_TYPE = YES;
				GCC_WARN_UNINITIALIZED_AUTOS = YES;
				GCC_WARN_UNUSED_VARIABLE = YES;
				IPHONEOS_DEPLOYMENT_TARGET = 6.0;
				ONLY_ACTIVE_ARCH = YES;
				SDKROOT = iphoneos;
			};
			name = Debug;
		};
		B5C7A64A17C8F282005E0615 /* Release */ = {
			isa = XCBuildConfiguration;
			buildSettings = {
				ALWAYS_SEARCH_USER_PATHS = NO;
				CLANG_CXX_LANGUAGE_STANDARD = "gnu++0x";
				CLANG_CXX_LIBRARY = "libc++";
				CLANG_ENABLE_OBJC_ARC = YES;
				CLANG_WARN_CONSTANT_CONVERSION = YES;
				CLANG_WARN_EMPTY_BODY = YES;
				CLANG_WARN_ENUM_CONVERSION = YES;
				CLANG_WARN_INT_CONVERSION = YES;
				CLANG_WARN__DUPLICATE_METHOD_MATCH = YES;
				COPY_PHASE_STRIP = YES;
				GCC_C_LANGUAGE_STANDARD = gnu99;
				GCC_WARN_ABOUT_RETURN_TYPE = YES;
				GCC_WARN_UNINITIALIZED_AUTOS = YES;
				GCC_WARN_UNUSED_VARIABLE = YES;
				IPHONEOS_DEPLOYMENT_TARGET = 6.0;
				SDKROOT = iphoneos;
				VALIDATE_PRODUCT = YES;
			};
			name = Release;
		};
		B5C7A64C17C8F282005E0615 /* Debug */ = {
			isa = XCBuildConfiguration;
			buildSettings = {
				DSTROOT = /tmp/edn_objc.dst;
				GCC_PRECOMPILE_PREFIX_HEADER = YES;
				GCC_PREFIX_HEADER = "edn-objc/edn-objc-Prefix.pch";
				OTHER_LDFLAGS = "-ObjC";
				PRODUCT_NAME = "$(TARGET_NAME)";
				SKIP_INSTALL = YES;
			};
			name = Debug;
		};
		B5C7A64D17C8F282005E0615 /* Release */ = {
			isa = XCBuildConfiguration;
			buildSettings = {
				DSTROOT = /tmp/edn_objc.dst;
				GCC_PRECOMPILE_PREFIX_HEADER = YES;
				GCC_PREFIX_HEADER = "edn-objc/edn-objc-Prefix.pch";
				OTHER_LDFLAGS = "-ObjC";
				PRODUCT_NAME = "$(TARGET_NAME)";
				SKIP_INSTALL = YES;
			};
			name = Release;
		};
		B5C7A64F17C8F282005E0615 /* Debug */ = {
			isa = XCBuildConfiguration;
			buildSettings = {
				FRAMEWORK_SEARCH_PATHS = (
					"\"$(SDKROOT)/Developer/Library/Frameworks\"",
					"\"$(DEVELOPER_LIBRARY_DIR)/Frameworks\"",
				);
				GCC_PRECOMPILE_PREFIX_HEADER = YES;
				GCC_PREFIX_HEADER = "edn-objc/edn-objc-Prefix.pch";
				INFOPLIST_FILE = "edn-objc-tests/edn-objc-tests-Info.plist";
				OTHER_LDFLAGS = (
					"-objc",
					"-all_load",
				);
				PRODUCT_NAME = "$(TARGET_NAME)";
				WRAPPER_EXTENSION = octest;
			};
			name = Debug;
		};
		B5C7A65017C8F282005E0615 /* Release */ = {
			isa = XCBuildConfiguration;
			buildSettings = {
				FRAMEWORK_SEARCH_PATHS = (
					"\"$(SDKROOT)/Developer/Library/Frameworks\"",
					"\"$(DEVELOPER_LIBRARY_DIR)/Frameworks\"",
				);
				GCC_PRECOMPILE_PREFIX_HEADER = YES;
				GCC_PREFIX_HEADER = "edn-objc/edn-objc-Prefix.pch";
				INFOPLIST_FILE = "edn-objc-tests/edn-objc-tests-Info.plist";
				OTHER_LDFLAGS = (
					"-objc",
					"-all_load",
				);
				PRODUCT_NAME = "$(TARGET_NAME)";
				WRAPPER_EXTENSION = octest;
			};
			name = Release;
		};
/* End XCBuildConfiguration section */

/* Begin XCConfigurationList section */
		B5C7A62117C8F282005E0615 /* Build configuration list for PBXProject "edn-objc" */ = {
			isa = XCConfigurationList;
			buildConfigurations = (
				B5C7A64917C8F282005E0615 /* Debug */,
				B5C7A64A17C8F282005E0615 /* Release */,
			);
			defaultConfigurationIsVisible = 0;
			defaultConfigurationName = Release;
		};
		B5C7A64B17C8F282005E0615 /* Build configuration list for PBXNativeTarget "edn-objc" */ = {
			isa = XCConfigurationList;
			buildConfigurations = (
				B5C7A64C17C8F282005E0615 /* Debug */,
				B5C7A64D17C8F282005E0615 /* Release */,
			);
			defaultConfigurationIsVisible = 0;
			defaultConfigurationName = Release;
		};
		B5C7A64E17C8F282005E0615 /* Build configuration list for PBXNativeTarget "edn-objc-tests" */ = {
			isa = XCConfigurationList;
			buildConfigurations = (
				B5C7A64F17C8F282005E0615 /* Debug */,
				B5C7A65017C8F282005E0615 /* Release */,
			);
			defaultConfigurationIsVisible = 0;
			defaultConfigurationName = Release;
		};
/* End XCConfigurationList section */
	};
	rootObject = B5C7A61E17C8F282005E0615 /* Project object */;
}
